
Microsoft Visual Studio Solution File, Format Version 12.00
# Visual Studio Version 16
VisualStudioVersion = 16.0.30523.141
MinimumVisualStudioVersion = 10.0.40219.1
Project("{FAE04EC0-301F-11D3-BF4B-00C04F79EFBC}") = "eLib", "eLib\eLib.csproj", "{A59D927F-D9D7-4A8D-81EC-AD0ADB890F18}"
EndProject
Project("{FAE04EC0-301F-11D3-BF4B-00C04F79EFBC}") = "eLib.Entities", "eLib.Models\eLib.Entities.csproj", "{CCEDD2CD-0062-42D3-95D8-1F1887517F6A}"
EndProject
Project("{FAE04EC0-301F-11D3-BF4B-00C04F79EFBC}") = "eLib.Infrastructure", "eLib.Infrastructure\eLib.Infrastructure.csproj", "{5523CE5D-30E2-4D51-92AC-DA1899CD74B0}"
EndProject
Global
	GlobalSection(SolutionConfigurationPlatforms) = preSolution
		Debug|Any CPU = Debug|Any CPU
		Release|Any CPU = Release|Any CPU
	EndGlobalSection
	GlobalSection(ProjectConfigurationPlatforms) = postSolution
		{A59D927F-D9D7-4A8D-81EC-AD0ADB890F18}.Debug|Any CPU.ActiveCfg = Debug|Any CPU
		{A59D927F-D9D7-4A8D-81EC-AD0ADB890F18}.Debug|Any CPU.Build.0 = Debug|Any CPU
		{A59D927F-D9D7-4A8D-81EC-AD0ADB890F18}.Release|Any CPU.ActiveCfg = Release|Any CPU
		{A59D927F-D9D7-4A8D-81EC-AD0ADB890F18}.Release|Any CPU.Build.0 = Release|Any CPU
		{CCEDD2CD-0062-42D3-95D8-1F1887517F6A}.Debug|Any CPU.ActiveCfg = Debug|Any CPU
		{CCEDD2CD-0062-42D3-95D8-1F1887517F6A}.Debug|Any CPU.Build.0 = Debug|Any CPU
		{CCEDD2CD-0062-42D3-95D8-1F1887517F6A}.Release|Any CPU.ActiveCfg = Release|Any CPU
		{CCEDD2CD-0062-42D3-95D8-1F1887517F6A}.Release|Any CPU.Build.0 = Release|Any CPU
		{5523CE5D-30E2-4D51-92AC-DA1899CD74B0}.Debug|Any CPU.ActiveCfg = Debug|Any CPU
		{5523CE5D-30E2-4D51-92AC-DA1899CD74B0}.Debug|Any CPU.Build.0 = Debug|Any CPU
		{5523CE5D-30E2-4D51-92AC-DA1899CD74B0}.Release|Any CPU.ActiveCfg = Release|Any CPU
		{5523CE5D-30E2-4D51-92AC-DA1899CD74B0}.Release|Any CPU.Build.0 = Release|Any CPU
	EndGlobalSection
	GlobalSection(SolutionProperties) = preSolution
		HideSolutionNode = FALSE
	EndGlobalSection
	GlobalSection(ExtensibilityGlobals) = postSolution
		SolutionGuid = {9E76CEFF-AFFE-4116-B7AE-77123266E33B}
	EndGlobalSection
EndGlobal
